
Microsoft Visual Studio Solution File, Format Version 12.00
# Visual Studio Version 17
VisualStudioVersion = 17.13.35931.197 d17.13
MinimumVisualStudioVersion = 10.0.40219.1
Project("{FAE04EC0-301F-11D3-BF4B-00C04F79EFBC}") = "RickAndMortyApi", "RickAndMortyApi\RickAndMortyApi.csproj", "{7353C9A1-4A75-4DB2-BFD4-E1679AFC70F1}"
EndProject
Global
	GlobalSection(SolutionConfigurationPlatforms) = preSolution
		Debug|Any CPU = Debug|Any CPU
		Release|Any CPU = Release|Any CPU
	EndGlobalSection
	GlobalSection(ProjectConfigurationPlatforms) = postSolution
		{7353C9A1-4A75-4DB2-BFD4-E1679AFC70F1}.Debug|Any CPU.ActiveCfg = Debug|Any CPU
		{7353C9A1-4A75-4DB2-BFD4-E1679AFC70F1}.Debug|Any CPU.Build.0 = Debug|Any CPU
		{7353C9A1-4A75-4DB2-BFD4-E1679AFC70F1}.Release|Any CPU.ActiveCfg = Release|Any CPU
		{7353C9A1-4A75-4DB2-BFD4-E1679AFC70F1}.Release|Any CPU.Build.0 = Release|Any CPU
	EndGlobalSection
	GlobalSection(SolutionProperties) = preSolution
		HideSolutionNode = FALSE
	EndGlobalSection
	GlobalSection(ExtensibilityGlobals) = postSolution
		SolutionGuid = {2D7B19BF-C4AC-4039-B301-8FD45DB9E062}
	EndGlobalSection
EndGlobal
